
Microsoft Visual Studio Solution File, Format Version 12.00
# Visual Studio 15
VisualStudioVersion = 15.0.26430.13
MinimumVisualStudioVersion = 10.0.40219.1
Project("{8BC9CEB8-8B4A-11D0-8D11-00A0C91BC942}") = "L1", "L1\L1.vcxproj", "{12E2C8EE-89A2-4090-B3D4-BA7C3B5D7E4A}"
EndProject
Project("{8BC9CEB8-8B4A-11D0-8D11-00A0C91BC942}") = "part5", "part5\part5.vcxproj", "{51CE6309-F67C-4379-8654-6540DD979A79}"
EndProject
Global
	GlobalSection(SolutionConfigurationPlatforms) = preSolution
		Debug|x64 = Debug|x64
		Debug|x86 = Debug|x86
		Release|x64 = Release|x64
		Release|x86 = Release|x86
	EndGlobalSection
	GlobalSection(ProjectConfigurationPlatforms) = postSolution
		{12E2C8EE-89A2-4090-B3D4-BA7C3B5D7E4A}.Debug|x64.ActiveCfg = Debug|x64
		{12E2C8EE-89A2-4090-B3D4-BA7C3B5D7E4A}.Debug|x64.Build.0 = Debug|x64
		{12E2C8EE-89A2-4090-B3D4-BA7C3B5D7E4A}.Debug|x86.ActiveCfg = Debug|Win32
		{12E2C8EE-89A2-4090-B3D4-BA7C3B5D7E4A}.Debug|x86.Build.0 = Debug|Win32
		{12E2C8EE-89A2-4090-B3D4-BA7C3B5D7E4A}.Release|x64.ActiveCfg = Release|x64
		{12E2C8EE-89A2-4090-B3D4-BA7C3B5D7E4A}.Release|x64.Build.0 = Release|x64
		{12E2C8EE-89A2-4090-B3D4-BA7C3B5D7E4A}.Release|x86.ActiveCfg = Release|Win32
		{12E2C8EE-89A2-4090-B3D4-BA7C3B5D7E4A}.Release|x86.Build.0 = Release|Win32
		{51CE6309-F67C-4379-8654-6540DD979A79}.Debug|x64.ActiveCfg = Debug|x64
		{51CE6309-F67C-4379-8654-6540DD979A79}.Debug|x64.Build.0 = Debug|x64
		{51CE6309-F67C-4379-8654-6540DD979A79}.Debug|x86.ActiveCfg = Debug|Win32
		{51CE6309-F67C-4379-8654-6540DD979A79}.Debug|x86.Build.0 = Debug|Win32
		{51CE6309-F67C-4379-8654-6540DD979A79}.Release|x64.ActiveCfg = Release|x64
		{51CE6309-F67C-4379-8654-6540DD979A79}.Release|x64.Build.0 = Release|x64
		{51CE6309-F67C-4379-8654-6540DD979A79}.Release|x86.ActiveCfg = Release|Win32
		{51CE6309-F67C-4379-8654-6540DD979A79}.Release|x86.Build.0 = Release|Win32
	EndGlobalSection
	GlobalSection(SolutionProperties) = preSolution
		HideSolutionNode = FALSE
	EndGlobalSection
EndGlobal
